{
  "object": {
    "pins": [
      {
        "package": "CommonMark",
        "repositoryURL": "https://github.com/SwiftDocOrg/CommonMark.git",
        "state": {
          "branch": null,
          "revision": "902cc82abc2e8ad23b73c982eed27c63ae3d9384",
          "version": null
        }
      },
      {
        "package": "GraphViz",
        "repositoryURL": "https://github.com/SwiftDocOrg/GraphViz.git",
        "state": {
          "branch": null,
          "revision": "6f6bd7078ad41a8b34f5eb4bf0384a93f1ba4706",
          "version": "0.1.2"
        }
      },
      {
        "package": "HypertextLiteral",
        "repositoryURL": "https://github.com/NSHipster/HypertextLiteral.git",
        "state": {
          "branch": null,
          "revision": "3e45da849e507d171c7264146176bb834a01be4f",
          "version": "0.0.2"
        }
      },
      {
        "package": "Markup",
        "repositoryURL": "https://github.com/SwiftDocOrg/Markup.git",
        "state": {
          "branch": null,
          "revision": "029ad8c1115ab32b7c20ab52eb092fbc030deb17",
          "version": "0.0.4"
        }
      },
      {
        "package": "swift-argument-parser",
        "repositoryURL": "https://github.com/apple/swift-argument-parser.git",
        "state": {
          "branch": null,
          "revision": "223d62adc52d51669ae2ee19bdb8b7d9fd6fcd9c",
          "version": "0.0.6"
        }
      },
      {
        "package": "cmark",
        "repositoryURL": "https://github.com/SwiftDocOrg/swift-cmark.git",
        "state": {
          "branch": null,
          "revision": "2a766030bee955b4806044fd7aca1b6884475138",
          "version": "0.28.3+20200110.2a76603"
        }
      },
      {
        "package": "HTMLEntities",
        "repositoryURL": "https://github.com/IBM-Swift/swift-html-entities.git",
        "state": {
          "branch": null,
          "revision": "744c094976355aa96ca61b9b60ef0a38e979feb7",
          "version": "3.0.14"
        }
      },
      {
        "package": "swift-log",
        "repositoryURL": "https://github.com/apple/swift-log.git",
        "state": {
          "branch": null,
          "revision": "74d7b91ceebc85daf387ebb206003f78813f71aa",
          "version": "1.2.0"
        }
      },
      {
        "package": "LoggingGitHubActions",
        "repositoryURL": "https://github.com/NSHipster/swift-log-github-actions.git",
        "state": {
          "branch": null,
          "revision": "13ce1e95e5b0c5fffa7667214d42e1f316693ef5",
          "version": "0.0.1"
        }
      },
      {
        "package": "SwiftSyntax",
        "repositoryURL": "https://github.com/apple/swift-syntax.git",
        "state": {
          "branch": "0.50200.0",
          "revision": "0688b9cfc4c3dd234e4f55f1f056b2affc849873",
          "version": null
        }
      },
      {
        "package": "SwiftMarkup",
        "repositoryURL": "https://github.com/SwiftDocOrg/SwiftMarkup.git",
        "state": {
          "branch": "0.2.0",
          "revision": "f395f3bd9e345402cc744aa9051780ed403d3b26",
          "version": null
        }
      },
      {
        "package": "SwiftSemantics",
        "repositoryURL": "https://github.com/SwiftDocOrg/SwiftSemantics.git",
        "state": {
          "branch": null,
          "revision": "4fdc48bddbbb8311079ed111e5a4f2b92423b05c",
          "version": "0.1.0"
        }
      },
      {
        "package": "SwiftSyntaxHighlighter",
        "repositoryURL": "https://github.com/NSHipster/SwiftSyntaxHighlighter.git",
        "state": {
          "branch": "1.0.0",
          "revision": "4a20d10bba17241b66650d99081801536146b43c",
          "version": null
        }
      }
    ]
  },
  "version": 1
}
